
Microsoft Visual Studio Solution File, Format Version 12.00
# Visual Studio Version 16
VisualStudioVersion = 16.0.30114.105
MinimumVisualStudioVersion = 10.0.40219.1
Project("{9A19103F-16F7-4668-BE54-9A1E7A4F7556}") = "blobConsole", "blobConsole\blobConsole.csproj", "{814C8F6F-5528-4AC2-82EF-0E6255353F49}"
EndProject
Project("{9A19103F-16F7-4668-BE54-9A1E7A4F7556}") = "tableConsole", "tableConsole\tableConsole.csproj", "{36B3FCB8-8DBD-4017-9136-CBB16051EDA1}"
EndProject
Project("{FAE04EC0-301F-11D3-BF4B-00C04F79EFBC}") = "queueConsole", "queueConsole\queueConsole.csproj", "{30844152-E307-4995-AB36-B1CED81DE255}"
EndProject
Global
	GlobalSection(SolutionConfigurationPlatforms) = preSolution
		Debug|Any CPU = Debug|Any CPU
		Debug|x64 = Debug|x64
		Debug|x86 = Debug|x86
		Release|Any CPU = Release|Any CPU
		Release|x64 = Release|x64
		Release|x86 = Release|x86
	EndGlobalSection
	GlobalSection(ProjectConfigurationPlatforms) = postSolution
		{814C8F6F-5528-4AC2-82EF-0E6255353F49}.Debug|Any CPU.ActiveCfg = Debug|Any CPU
		{814C8F6F-5528-4AC2-82EF-0E6255353F49}.Debug|Any CPU.Build.0 = Debug|Any CPU
		{814C8F6F-5528-4AC2-82EF-0E6255353F49}.Debug|x64.ActiveCfg = Debug|Any CPU
		{814C8F6F-5528-4AC2-82EF-0E6255353F49}.Debug|x64.Build.0 = Debug|Any CPU
		{814C8F6F-5528-4AC2-82EF-0E6255353F49}.Debug|x86.ActiveCfg = Debug|Any CPU
		{814C8F6F-5528-4AC2-82EF-0E6255353F49}.Debug|x86.Build.0 = Debug|Any CPU
		{814C8F6F-5528-4AC2-82EF-0E6255353F49}.Release|Any CPU.ActiveCfg = Release|Any CPU
		{814C8F6F-5528-4AC2-82EF-0E6255353F49}.Release|Any CPU.Build.0 = Release|Any CPU
		{814C8F6F-5528-4AC2-82EF-0E6255353F49}.Release|x64.ActiveCfg = Release|Any CPU
		{814C8F6F-5528-4AC2-82EF-0E6255353F49}.Release|x64.Build.0 = Release|Any CPU
		{814C8F6F-5528-4AC2-82EF-0E6255353F49}.Release|x86.ActiveCfg = Release|Any CPU
		{814C8F6F-5528-4AC2-82EF-0E6255353F49}.Release|x86.Build.0 = Release|Any CPU
		{36B3FCB8-8DBD-4017-9136-CBB16051EDA1}.Debug|Any CPU.ActiveCfg = Debug|Any CPU
		{36B3FCB8-8DBD-4017-9136-CBB16051EDA1}.Debug|Any CPU.Build.0 = Debug|Any CPU
		{36B3FCB8-8DBD-4017-9136-CBB16051EDA1}.Debug|x64.ActiveCfg = Debug|Any CPU
		{36B3FCB8-8DBD-4017-9136-CBB16051EDA1}.Debug|x64.Build.0 = Debug|Any CPU
		{36B3FCB8-8DBD-4017-9136-CBB16051EDA1}.Debug|x86.ActiveCfg = Debug|Any CPU
		{36B3FCB8-8DBD-4017-9136-CBB16051EDA1}.Debug|x86.Build.0 = Debug|Any CPU
		{36B3FCB8-8DBD-4017-9136-CBB16051EDA1}.Release|Any CPU.ActiveCfg = Release|Any CPU
		{36B3FCB8-8DBD-4017-9136-CBB16051EDA1}.Release|Any CPU.Build.0 = Release|Any CPU
		{36B3FCB8-8DBD-4017-9136-CBB16051EDA1}.Release|x64.ActiveCfg = Release|Any CPU
		{36B3FCB8-8DBD-4017-9136-CBB16051EDA1}.Release|x64.Build.0 = Release|Any CPU
		{36B3FCB8-8DBD-4017-9136-CBB16051EDA1}.Release|x86.ActiveCfg = Release|Any CPU
		{36B3FCB8-8DBD-4017-9136-CBB16051EDA1}.Release|x86.Build.0 = Release|Any CPU
		{30844152-E307-4995-AB36-B1CED81DE255}.Debug|Any CPU.ActiveCfg = Debug|Any CPU
		{30844152-E307-4995-AB36-B1CED81DE255}.Debug|Any CPU.Build.0 = Debug|Any CPU
		{30844152-E307-4995-AB36-B1CED81DE255}.Debug|x64.ActiveCfg = Debug|Any CPU
		{30844152-E307-4995-AB36-B1CED81DE255}.Debug|x64.Build.0 = Debug|Any CPU
		{30844152-E307-4995-AB36-B1CED81DE255}.Debug|x86.ActiveCfg = Debug|Any CPU
		{30844152-E307-4995-AB36-B1CED81DE255}.Debug|x86.Build.0 = Debug|Any CPU
		{30844152-E307-4995-AB36-B1CED81DE255}.Release|Any CPU.ActiveCfg = Release|Any CPU
		{30844152-E307-4995-AB36-B1CED81DE255}.Release|Any CPU.Build.0 = Release|Any CPU
		{30844152-E307-4995-AB36-B1CED81DE255}.Release|x64.ActiveCfg = Release|Any CPU
		{30844152-E307-4995-AB36-B1CED81DE255}.Release|x64.Build.0 = Release|Any CPU
		{30844152-E307-4995-AB36-B1CED81DE255}.Release|x86.ActiveCfg = Release|Any CPU
		{30844152-E307-4995-AB36-B1CED81DE255}.Release|x86.Build.0 = Release|Any CPU
	EndGlobalSection
	GlobalSection(SolutionProperties) = preSolution
		HideSolutionNode = FALSE
	EndGlobalSection
	GlobalSection(ExtensibilityGlobals) = postSolution
		SolutionGuid = {E93303A2-7C61-4751-B0A4-F302AE4737C8}
	EndGlobalSection
EndGlobal
